
Microsoft Visual Studio Solution File, Format Version 12.00
# Visual Studio 15
VisualStudioVersion = 15.0.28010.2050
MinimumVisualStudioVersion = 10.0.40219.1
Project("{FAE04EC0-301F-11D3-BF4B-00C04F79EFBC}") = "EngineApp", "EngineApp\EngineApp.csproj", "{90027B21-A2F6-4126-9D9F-C4FECA77E37B}"
EndProject
Global
	GlobalSection(SolutionConfigurationPlatforms) = preSolution
		Debug|Any CPU = Debug|Any CPU
		Release|Any CPU = Release|Any CPU
	EndGlobalSection
	GlobalSection(ProjectConfigurationPlatforms) = postSolution
		{90027B21-A2F6-4126-9D9F-C4FECA77E37B}.Debug|Any CPU.ActiveCfg = Debug|Any CPU
		{90027B21-A2F6-4126-9D9F-C4FECA77E37B}.Debug|Any CPU.Build.0 = Debug|Any CPU
		{90027B21-A2F6-4126-9D9F-C4FECA77E37B}.Release|Any CPU.ActiveCfg = Release|Any CPU
		{90027B21-A2F6-4126-9D9F-C4FECA77E37B}.Release|Any CPU.Build.0 = Release|Any CPU
	EndGlobalSection
	GlobalSection(SolutionProperties) = preSolution
		HideSolutionNode = FALSE
	EndGlobalSection
	GlobalSection(ExtensibilityGlobals) = postSolution
		SolutionGuid = {F15E2B0D-823E-4AC5-B301-4A207C303D71}
	EndGlobalSection
EndGlobal
